
Microsoft Visual Studio Solution File, Format Version 12.00
# Visual Studio Version 17
VisualStudioVersion = 17.4.33205.214
MinimumVisualStudioVersion = 10.0.40219.1
Project("{FAE04EC0-301F-11D3-BF4B-00C04F79EFBC}") = "PB01", "PB01.csproj", "{B8543A64-022D-44F8-BA09-2E56F38EF2A3}"
EndProject
Global
	GlobalSection(SolutionConfigurationPlatforms) = preSolution
		Debug|Any CPU = Debug|Any CPU
		Release|Any CPU = Release|Any CPU
	EndGlobalSection
	GlobalSection(ProjectConfigurationPlatforms) = postSolution
		{B8543A64-022D-44F8-BA09-2E56F38EF2A3}.Debug|Any CPU.ActiveCfg = Debug|Any CPU
		{B8543A64-022D-44F8-BA09-2E56F38EF2A3}.Debug|Any CPU.Build.0 = Debug|Any CPU
		{B8543A64-022D-44F8-BA09-2E56F38EF2A3}.Release|Any CPU.ActiveCfg = Release|Any CPU
		{B8543A64-022D-44F8-BA09-2E56F38EF2A3}.Release|Any CPU.Build.0 = Release|Any CPU
	EndGlobalSection
	GlobalSection(SolutionProperties) = preSolution
		HideSolutionNode = FALSE
	EndGlobalSection
	GlobalSection(ExtensibilityGlobals) = postSolution
		SolutionGuid = {93D4E5E4-A050-41B2-A687-48E8E5FF42D8}
	EndGlobalSection
EndGlobal
