
Microsoft Visual Studio Solution File, Format Version 12.00
# Visual Studio Version 17
VisualStudioVersion = 17.4.33205.214
MinimumVisualStudioVersion = 10.0.40219.1
Project("{FAE04EC0-301F-11D3-BF4B-00C04F79EFBC}") = "PB02", "PB02.csproj", "{98EFC0F5-32A5-4431-B507-7938DD6F18C5}"
EndProject
Global
	GlobalSection(SolutionConfigurationPlatforms) = preSolution
		Debug|Any CPU = Debug|Any CPU
		Release|Any CPU = Release|Any CPU
	EndGlobalSection
	GlobalSection(ProjectConfigurationPlatforms) = postSolution
		{98EFC0F5-32A5-4431-B507-7938DD6F18C5}.Debug|Any CPU.ActiveCfg = Debug|Any CPU
		{98EFC0F5-32A5-4431-B507-7938DD6F18C5}.Debug|Any CPU.Build.0 = Debug|Any CPU
		{98EFC0F5-32A5-4431-B507-7938DD6F18C5}.Release|Any CPU.ActiveCfg = Release|Any CPU
		{98EFC0F5-32A5-4431-B507-7938DD6F18C5}.Release|Any CPU.Build.0 = Release|Any CPU
	EndGlobalSection
	GlobalSection(SolutionProperties) = preSolution
		HideSolutionNode = FALSE
	EndGlobalSection
	GlobalSection(ExtensibilityGlobals) = postSolution
		SolutionGuid = {8FADF1D6-4D5D-474F-9695-AA6E3F7F9F86}
	EndGlobalSection
EndGlobal
